// !$*UTF8*$!
{
	archiveVersion = 1;
	classes = {
	};
	objectVersion = 50;
	objects = {

/* Begin PBXBuildFile section */
		A804C91E24D06CAA007E2524 /* WordListTableViewCell.swift in Sources */ = {isa = PBXBuildFile; fileRef = A804C91D24D06CAA007E2524 /* WordListTableViewCell.swift */; };
		A804C92024D076C8007E2524 /* WordSetListInteractor.swift in Sources */ = {isa = PBXBuildFile; fileRef = A804C91F24D076C8007E2524 /* WordSetListInteractor.swift */; };
		A804C92224D1AFC5007E2524 /* WordSetCardsViewController.swift in Sources */ = {isa = PBXBuildFile; fileRef = A804C92124D1AFC5007E2524 /* WordSetCardsViewController.swift */; };
		A80D8C7E24C09D260056F7D9 /* AddWordTableViewCell.swift in Sources */ = {isa = PBXBuildFile; fileRef = A80D8C7D24C09D260056F7D9 /* AddWordTableViewCell.swift */; };
		A8101D9324B5EF2D00FE4F60 /* TranslationModel.swift in Sources */ = {isa = PBXBuildFile; fileRef = A8101D9224B5EF2D00FE4F60 /* TranslationModel.swift */; };
		A81162A324BC9777002B4D8B /* TranslationMeaningsParser.swift in Sources */ = {isa = PBXBuildFile; fileRef = A81162A224BC9777002B4D8B /* TranslationMeaningsParser.swift */; };
		A8185FFA24CAFE7000F93FD3 /* ButtonWithRoundCorners.swift in Sources */ = {isa = PBXBuildFile; fileRef = A8185FF924CAFE7000F93FD3 /* ButtonWithRoundCorners.swift */; };
		A8185FFD24CB069300F93FD3 /* WordListTableViewController.swift in Sources */ = {isa = PBXBuildFile; fileRef = A8185FFC24CB069300F93FD3 /* WordListTableViewController.swift */; };
		A81FF5C424AA3D27007068F9 /* AppDelegate.swift in Sources */ = {isa = PBXBuildFile; fileRef = A81FF5C324AA3D27007068F9 /* AppDelegate.swift */; };
		A81FF5C624AA3D27007068F9 /* SceneDelegate.swift in Sources */ = {isa = PBXBuildFile; fileRef = A81FF5C524AA3D27007068F9 /* SceneDelegate.swift */; };
		A81FF5C824AA3D27007068F9 /* AddSetViewController.swift in Sources */ = {isa = PBXBuildFile; fileRef = A81FF5C724AA3D27007068F9 /* AddSetViewController.swift */; };
		A81FF5CE24AA3D27007068F9 /* EasyLearnApp.xcdatamodeld in Sources */ = {isa = PBXBuildFile; fileRef = A81FF5CC24AA3D27007068F9 /* EasyLearnApp.xcdatamodeld */; };
		A81FF5DE24AA3D2A007068F9 /* EasyLearnAppTests.swift in Sources */ = {isa = PBXBuildFile; fileRef = A81FF5DD24AA3D2A007068F9 /* EasyLearnAppTests.swift */; };
		A81FF5E924AA3D2A007068F9 /* EasyLearnAppUITests.swift in Sources */ = {isa = PBXBuildFile; fileRef = A81FF5E824AA3D2A007068F9 /* EasyLearnAppUITests.swift */; };
		A81FF5F724AA429F007068F9 /* TabBarController.swift in Sources */ = {isa = PBXBuildFile; fileRef = A81FF5F624AA429F007068F9 /* TabBarController.swift */; };
		A82EEA7A24B3C01B00C35D90 /* WordSetViewController.swift in Sources */ = {isa = PBXBuildFile; fileRef = A82EEA7924B3C01B00C35D90 /* WordSetViewController.swift */; };
		A82EEA7E24B4814000C35D90 /* HTTPMethod.swift in Sources */ = {isa = PBXBuildFile; fileRef = A82EEA7D24B4814000C35D90 /* HTTPMethod.swift */; };
		A84B2D3C24AA5ECF0022F029 /* Assets.xcassets in Resources */ = {isa = PBXBuildFile; fileRef = A84B2D3B24AA5ECF0022F029 /* Assets.xcassets */; };
		A84B2D3E24AB39570022F029 /* WordSetTableViewController.swift in Sources */ = {isa = PBXBuildFile; fileRef = A84B2D3D24AB39570022F029 /* WordSetTableViewController.swift */; };
		A84B2D4024AB4BD00022F029 /* WordSetTableViewCell.swift in Sources */ = {isa = PBXBuildFile; fileRef = A84B2D3F24AB4BD00022F029 /* WordSetTableViewCell.swift */; };
		A8580B1324DAF0070099B00F /* DefaultWordSetModel.swift in Sources */ = {isa = PBXBuildFile; fileRef = A8580B1224DAF0070099B00F /* DefaultWordSetModel.swift */; };
		A8580B1524DAF20D0099B00F /* DefaultWordSetModelApi.swift in Sources */ = {isa = PBXBuildFile; fileRef = A8580B1424DAF20D0099B00F /* DefaultWordSetModelApi.swift */; };
		A8580B1924DAF6D70099B00F /* NewWordSetViewController.swift in Sources */ = {isa = PBXBuildFile; fileRef = A8580B1824DAF6D70099B00F /* NewWordSetViewController.swift */; };
		A8580B1B24DAFE450099B00F /* DefaultWordSetViewController.swift in Sources */ = {isa = PBXBuildFile; fileRef = A8580B1A24DAFE450099B00F /* DefaultWordSetViewController.swift */; };
		A8580B1D24DB04F50099B00F /* DefaultWordSetTableViewCell.swift in Sources */ = {isa = PBXBuildFile; fileRef = A8580B1C24DB04F50099B00F /* DefaultWordSetTableViewCell.swift */; };
		A8580B1F24DB161C0099B00F /* DefaultWordSetInteractor.swift in Sources */ = {isa = PBXBuildFile; fileRef = A8580B1E24DB161C0099B00F /* DefaultWordSetInteractor.swift */; };
		A8580B2124DB16AF0099B00F /* DefaultWordSetPresenter.swift in Sources */ = {isa = PBXBuildFile; fileRef = A8580B2024DB16AF0099B00F /* DefaultWordSetPresenter.swift */; };
		A85A0A2B24BDA3C30044CFBA /* DataHandler.swift in Sources */ = {isa = PBXBuildFile; fileRef = A85A0A2A24BDA3C30044CFBA /* DataHandler.swift */; };
		A87EDF2324C8769C00D4F9CC /* WordSetTableInteractor.swift in Sources */ = {isa = PBXBuildFile; fileRef = A87EDF2224C8769C00D4F9CC /* WordSetTableInteractor.swift */; };
		A87EDF2524C876B800D4F9CC /* WordSetTablePresenter.swift in Sources */ = {isa = PBXBuildFile; fileRef = A87EDF2424C876B800D4F9CC /* WordSetTablePresenter.swift */; };
		A88B1A0224D1D543008ADA7F /* WordSetCardCollectionViewCell.swift in Sources */ = {isa = PBXBuildFile; fileRef = A88B1A0124D1D543008ADA7F /* WordSetCardCollectionViewCell.swift */; };
		A88B1A0424D1E090008ADA7F /* WordSetCardView.swift in Sources */ = {isa = PBXBuildFile; fileRef = A88B1A0324D1E090008ADA7F /* WordSetCardView.swift */; };
		A88B1A0624D1F672008ADA7F /* WordSetCardInteractor.swift in Sources */ = {isa = PBXBuildFile; fileRef = A88B1A0524D1F672008ADA7F /* WordSetCardInteractor.swift */; };
		A88B1A0824D1F6A0008ADA7F /* WordSetCardPresenter.swift in Sources */ = {isa = PBXBuildFile; fileRef = A88B1A0724D1F6A0008ADA7F /* WordSetCardPresenter.swift */; };
		A88B1A0A24D2ACC2008ADA7F /* String+.swift in Sources */ = {isa = PBXBuildFile; fileRef = A88B1A0924D2ACC2008ADA7F /* String+.swift */; };
		A88B1A0D24D2F1D6008ADA7F /* WordSetLearnViewController.swift in Sources */ = {isa = PBXBuildFile; fileRef = A88B1A0C24D2F1D6008ADA7F /* WordSetLearnViewController.swift */; };
		A88B1A0F24D2FB40008ADA7F /* WordSetLearnCollectionViewCell.swift in Sources */ = {isa = PBXBuildFile; fileRef = A88B1A0E24D2FB40008ADA7F /* WordSetLearnCollectionViewCell.swift */; };
		A88B1A1124D7EA17008ADA7F /* WordSetLearnInteractor.swift in Sources */ = {isa = PBXBuildFile; fileRef = A88B1A1024D7EA17008ADA7F /* WordSetLearnInteractor.swift */; };
		A88B1A1324D7EA28008ADA7F /* WordSetLearnPresentor.swift in Sources */ = {isa = PBXBuildFile; fileRef = A88B1A1224D7EA28008ADA7F /* WordSetLearnPresentor.swift */; };
		A8A736BE24C5F38900F7482E /* NetworkManagerTest.swift in Sources */ = {isa = PBXBuildFile; fileRef = A8A736BD24C5F38900F7482E /* NetworkManagerTest.swift */; };
		A8AA51DA24BF419D0047B084 /* AddWordViewController.swift in Sources */ = {isa = PBXBuildFile; fileRef = A8AA51D924BF419D0047B084 /* AddWordViewController.swift */; };
		A8ABBCA324B5043A008081FB /* EndPointType.swift in Sources */ = {isa = PBXBuildFile; fileRef = A8ABBCA224B5043A008081FB /* EndPointType.swift */; };
		A8ABBCA624B505DB008081FB /* HTTPTask.swift in Sources */ = {isa = PBXBuildFile; fileRef = A8ABBCA524B505DB008081FB /* HTTPTask.swift */; };
		A8ABBCA924B507EF008081FB /*  ParameterEncoding.swift in Sources */ = {isa = PBXBuildFile; fileRef = A8ABBCA824B507EF008081FB /*  ParameterEncoding.swift */; };
		A8ABBCAB24B509B0008081FB /* URLParameterEncoder.swift in Sources */ = {isa = PBXBuildFile; fileRef = A8ABBCAA24B509B0008081FB /* URLParameterEncoder.swift */; };
		A8ABBCAD24B50B84008081FB /* JSONParameterEncoder.swift in Sources */ = {isa = PBXBuildFile; fileRef = A8ABBCAC24B50B84008081FB /* JSONParameterEncoder.swift */; };
		A8ABBCAF24B50BEE008081FB /* NetworkRouter.swift in Sources */ = {isa = PBXBuildFile; fileRef = A8ABBCAE24B50BEE008081FB /* NetworkRouter.swift */; };
		A8ABBCB124B50CAD008081FB /* Router.swift in Sources */ = {isa = PBXBuildFile; fileRef = A8ABBCB024B50CAD008081FB /* Router.swift */; };
		A8ABBCB424B51501008081FB /* TranslateWordApi.swift in Sources */ = {isa = PBXBuildFile; fileRef = A8ABBCB324B51501008081FB /* TranslateWordApi.swift */; };
		A8ABBCB824B5B2B1008081FB /* NetworkManager.swift in Sources */ = {isa = PBXBuildFile; fileRef = A8ABBCB724B5B2B1008081FB /* NetworkManager.swift */; };
		A8B2143F24D9641100A3CF7F /* WordSetStatisticsViewController.swift in Sources */ = {isa = PBXBuildFile; fileRef = A8B2143E24D9641100A3CF7F /* WordSetStatisticsViewController.swift */; };
		A8B2144124D97CE900A3CF7F /* WordSetStatisticsInteractor.swift in Sources */ = {isa = PBXBuildFile; fileRef = A8B2144024D97CE900A3CF7F /* WordSetStatisticsInteractor.swift */; };
		A8B2144324D97CF600A3CF7F /* WordSetStatisticsPresentor.swift in Sources */ = {isa = PBXBuildFile; fileRef = A8B2144224D97CF600A3CF7F /* WordSetStatisticsPresentor.swift */; };
		A8B2144524D9822100A3CF7F /* WordStatisticsSectionModel.swift in Sources */ = {isa = PBXBuildFile; fileRef = A8B2144424D9822100A3CF7F /* WordStatisticsSectionModel.swift */; };
		A8B5221F24DB24B4008F02C7 /* DefaultWordSetListViewController.swift in Sources */ = {isa = PBXBuildFile; fileRef = A8B5221E24DB24B4008F02C7 /* DefaultWordSetListViewController.swift */; };
		A8B5222424DC064D008F02C7 /* SettingsViewController.swift in Sources */ = {isa = PBXBuildFile; fileRef = A8B5222324DC064D008F02C7 /* SettingsViewController.swift */; };
		A8B5222624DC0DA3008F02C7 /* SettingsTableViewCell.swift in Sources */ = {isa = PBXBuildFile; fileRef = A8B5222524DC0DA3008F02C7 /* SettingsTableViewCell.swift */; };
		A8B5222924DC1212008F02C7 /* ChooseLanguageViewController.swift in Sources */ = {isa = PBXBuildFile; fileRef = A8B5222824DC1212008F02C7 /* ChooseLanguageViewController.swift */; };
		A8B5222B24DC1CC2008F02C7 /* ChooseLanguageTableViewCell.swift in Sources */ = {isa = PBXBuildFile; fileRef = A8B5222A24DC1CC2008F02C7 /* ChooseLanguageTableViewCell.swift */; };
		A8B5222D24DC2451008F02C7 /* ChooseLanguageModel.swift in Sources */ = {isa = PBXBuildFile; fileRef = A8B5222C24DC2451008F02C7 /* ChooseLanguageModel.swift */; };
		A8BF981224DD4A7A00755F7E /* AllWordSetsConfigurator.swift in Sources */ = {isa = PBXBuildFile; fileRef = A8BF981124DD4A7A00755F7E /* AllWordSetsConfigurator.swift */; };
		A8BF981424DD4CC400755F7E /* WordSetCardsConfigurator.swift in Sources */ = {isa = PBXBuildFile; fileRef = A8BF981324DD4CC300755F7E /* WordSetCardsConfigurator.swift */; };
		A8BF981624DD4DD600755F7E /* WordSetLearnConfigurator.swift in Sources */ = {isa = PBXBuildFile; fileRef = A8BF981524DD4DD600755F7E /* WordSetLearnConfigurator.swift */; };
		A8BF981824DD4EBD00755F7E /* WordSetStatisticsConfigurator.swift in Sources */ = {isa = PBXBuildFile; fileRef = A8BF981724DD4EBD00755F7E /* WordSetStatisticsConfigurator.swift */; };
		A8BF981A24DD502400755F7E /* DefaultWordSetConfigurator.swift in Sources */ = {isa = PBXBuildFile; fileRef = A8BF981924DD502400755F7E /* DefaultWordSetConfigurator.swift */; };
		A8BF981C24DD50F700755F7E /* AddWordConfigurator.swift in Sources */ = {isa = PBXBuildFile; fileRef = A8BF981B24DD50F700755F7E /* AddWordConfigurator.swift */; };
		A8BF981E24DD56A400755F7E /* WordSetTableRouter.swift in Sources */ = {isa = PBXBuildFile; fileRef = A8BF981D24DD56A400755F7E /* WordSetTableRouter.swift */; };
		A8BF982024DD5E6E00755F7E /* WordSetRouter.swift in Sources */ = {isa = PBXBuildFile; fileRef = A8BF981F24DD5E6E00755F7E /* WordSetRouter.swift */; };
		A8BF982224DD605F00755F7E /* WordSetConfigurator.swift in Sources */ = {isa = PBXBuildFile; fileRef = A8BF982124DD605F00755F7E /* WordSetConfigurator.swift */; };
		A8BF982424DD6B3D00755F7E /* WordSetListConfigurator.swift in Sources */ = {isa = PBXBuildFile; fileRef = A8BF982324DD6B3D00755F7E /* WordSetListConfigurator.swift */; };
		A8BF982624DD6D1700755F7E /* WordSetListPresenter.swift in Sources */ = {isa = PBXBuildFile; fileRef = A8BF982524DD6D1700755F7E /* WordSetListPresenter.swift */; };
		A8BF982824DD6F8A00755F7E /* WordListTableRouter.swift in Sources */ = {isa = PBXBuildFile; fileRef = A8BF982724DD6F8A00755F7E /* WordListTableRouter.swift */; };
		A8F0D57924C249440004C609 /* ViewControllerExtension.swift in Sources */ = {isa = PBXBuildFile; fileRef = A8F0D57824C249440004C609 /* ViewControllerExtension.swift */; };
		A8F0D57B24C249880004C609 /* TextFieldExtension.swift in Sources */ = {isa = PBXBuildFile; fileRef = A8F0D57A24C249880004C609 /* TextFieldExtension.swift */; };
		A8F0D57D24C249CB0004C609 /* SearchBarExtension.swift in Sources */ = {isa = PBXBuildFile; fileRef = A8F0D57C24C249CB0004C609 /* SearchBarExtension.swift */; };
		A8F0D57F24C38B8E0004C609 /* EnterInfoView.swift in Sources */ = {isa = PBXBuildFile; fileRef = A8F0D57E24C38B8E0004C609 /* EnterInfoView.swift */; };
		A8F0D58124C477430004C609 /* AddWordInteractor.swift in Sources */ = {isa = PBXBuildFile; fileRef = A8F0D58024C477430004C609 /* AddWordInteractor.swift */; };
		A8F0D58324C49C770004C609 /* AddWordPresenter.swift in Sources */ = {isa = PBXBuildFile; fileRef = A8F0D58224C49C770004C609 /* AddWordPresenter.swift */; };
		A8F0D58524C4A3FC0004C609 /* AddSetTableViewCell.swift in Sources */ = {isa = PBXBuildFile; fileRef = A8F0D58424C4A3FC0004C609 /* AddSetTableViewCell.swift */; };
		A8F0D58724C4AA790004C609 /* AddWordRouter.swift in Sources */ = {isa = PBXBuildFile; fileRef = A8F0D58624C4AA790004C609 /* AddWordRouter.swift */; };
		A8F0D58B24C4CFDD0004C609 /* WordModel.swift in Sources */ = {isa = PBXBuildFile; fileRef = A8F0D58A24C4CFDD0004C609 /* WordModel.swift */; };
		A8F0D58D24C5E1F40004C609 /* TranslationMeaningsParserTests.swift in Sources */ = {isa = PBXBuildFile; fileRef = A8F0D58C24C5E1F40004C609 /* TranslationMeaningsParserTests.swift */; };
		A8FFB4D124B3393E00CCCE43 /* WordSetModel.swift in Sources */ = {isa = PBXBuildFile; fileRef = A8FFB4D024B3393E00CCCE43 /* WordSetModel.swift */; };
/* End PBXBuildFile section */

/* Begin PBXContainerItemProxy section */
		A81FF5DA24AA3D2A007068F9 /* PBXContainerItemProxy */ = {
			isa = PBXContainerItemProxy;
			containerPortal = A81FF5B824AA3D27007068F9 /* Project object */;
			proxyType = 1;
			remoteGlobalIDString = A81FF5BF24AA3D27007068F9;
			remoteInfo = EasyLearnApp;
		};
		A81FF5E524AA3D2A007068F9 /* PBXContainerItemProxy */ = {
			isa = PBXContainerItemProxy;
			containerPortal = A81FF5B824AA3D27007068F9 /* Project object */;
			proxyType = 1;
			remoteGlobalIDString = A81FF5BF24AA3D27007068F9;
			remoteInfo = EasyLearnApp;
		};
/* End PBXContainerItemProxy section */

/* Begin PBXFileReference section */
		A804C91D24D06CAA007E2524 /* WordListTableViewCell.swift */ = {isa = PBXFileReference; lastKnownFileType = sourcecode.swift; path = WordListTableViewCell.swift; sourceTree = "<group>"; };
		A804C91F24D076C8007E2524 /* WordSetListInteractor.swift */ = {isa = PBXFileReference; lastKnownFileType = sourcecode.swift; path = WordSetListInteractor.swift; sourceTree = "<group>"; };
		A804C92124D1AFC5007E2524 /* WordSetCardsViewController.swift */ = {isa = PBXFileReference; lastKnownFileType = sourcecode.swift; path = WordSetCardsViewController.swift; sourceTree = "<group>"; };
		A80D8C7D24C09D260056F7D9 /* AddWordTableViewCell.swift */ = {isa = PBXFileReference; lastKnownFileType = sourcecode.swift; path = AddWordTableViewCell.swift; sourceTree = "<group>"; };
		A8101D9224B5EF2D00FE4F60 /* TranslationModel.swift */ = {isa = PBXFileReference; lastKnownFileType = sourcecode.swift; path = TranslationModel.swift; sourceTree = "<group>"; };
		A81162A224BC9777002B4D8B /* TranslationMeaningsParser.swift */ = {isa = PBXFileReference; lastKnownFileType = sourcecode.swift; path = TranslationMeaningsParser.swift; sourceTree = "<group>"; };
		A8185FF924CAFE7000F93FD3 /* ButtonWithRoundCorners.swift */ = {isa = PBXFileReference; lastKnownFileType = sourcecode.swift; path = ButtonWithRoundCorners.swift; sourceTree = "<group>"; };
		A8185FFC24CB069300F93FD3 /* WordListTableViewController.swift */ = {isa = PBXFileReference; lastKnownFileType = sourcecode.swift; path = WordListTableViewController.swift; sourceTree = "<group>"; };
		A81FF5C024AA3D27007068F9 /* EasyLearnApp.app */ = {isa = PBXFileReference; explicitFileType = wrapper.application; includeInIndex = 0; path = EasyLearnApp.app; sourceTree = BUILT_PRODUCTS_DIR; };
		A81FF5C324AA3D27007068F9 /* AppDelegate.swift */ = {isa = PBXFileReference; lastKnownFileType = sourcecode.swift; path = AppDelegate.swift; sourceTree = "<group>"; };
		A81FF5C524AA3D27007068F9 /* SceneDelegate.swift */ = {isa = PBXFileReference; lastKnownFileType = sourcecode.swift; path = SceneDelegate.swift; sourceTree = "<group>"; };
		A81FF5C724AA3D27007068F9 /* AddSetViewController.swift */ = {isa = PBXFileReference; lastKnownFileType = sourcecode.swift; path = AddSetViewController.swift; sourceTree = "<group>"; };
		A81FF5CD24AA3D27007068F9 /* EasyLearnApp.xcdatamodel */ = {isa = PBXFileReference; lastKnownFileType = wrapper.xcdatamodel; path = EasyLearnApp.xcdatamodel; sourceTree = "<group>"; };
		A81FF5D424AA3D2A007068F9 /* Info.plist */ = {isa = PBXFileReference; lastKnownFileType = text.plist.xml; path = Info.plist; sourceTree = "<group>"; };
		A81FF5D924AA3D2A007068F9 /* EasyLearnAppTests.xctest */ = {isa = PBXFileReference; explicitFileType = wrapper.cfbundle; includeInIndex = 0; path = EasyLearnAppTests.xctest; sourceTree = BUILT_PRODUCTS_DIR; };
		A81FF5DD24AA3D2A007068F9 /* EasyLearnAppTests.swift */ = {isa = PBXFileReference; lastKnownFileType = sourcecode.swift; path = EasyLearnAppTests.swift; sourceTree = "<group>"; };
		A81FF5DF24AA3D2A007068F9 /* Info.plist */ = {isa = PBXFileReference; lastKnownFileType = text.plist.xml; path = Info.plist; sourceTree = "<group>"; };
		A81FF5E424AA3D2A007068F9 /* EasyLearnAppUITests.xctest */ = {isa = PBXFileReference; explicitFileType = wrapper.cfbundle; includeInIndex = 0; path = EasyLearnAppUITests.xctest; sourceTree = BUILT_PRODUCTS_DIR; };
		A81FF5E824AA3D2A007068F9 /* EasyLearnAppUITests.swift */ = {isa = PBXFileReference; lastKnownFileType = sourcecode.swift; path = EasyLearnAppUITests.swift; sourceTree = "<group>"; };
		A81FF5EA24AA3D2A007068F9 /* Info.plist */ = {isa = PBXFileReference; lastKnownFileType = text.plist.xml; path = Info.plist; sourceTree = "<group>"; };
		A81FF5F624AA429F007068F9 /* TabBarController.swift */ = {isa = PBXFileReference; lastKnownFileType = sourcecode.swift; path = TabBarController.swift; sourceTree = "<group>"; };
		A82EEA7924B3C01B00C35D90 /* WordSetViewController.swift */ = {isa = PBXFileReference; lastKnownFileType = sourcecode.swift; path = WordSetViewController.swift; sourceTree = "<group>"; };
		A82EEA7D24B4814000C35D90 /* HTTPMethod.swift */ = {isa = PBXFileReference; lastKnownFileType = sourcecode.swift; path = HTTPMethod.swift; sourceTree = "<group>"; };
		A84B2D3B24AA5ECF0022F029 /* Assets.xcassets */ = {isa = PBXFileReference; lastKnownFileType = folder.assetcatalog; path = Assets.xcassets; sourceTree = "<group>"; };
		A84B2D3D24AB39570022F029 /* WordSetTableViewController.swift */ = {isa = PBXFileReference; lastKnownFileType = sourcecode.swift; path = WordSetTableViewController.swift; sourceTree = "<group>"; };
		A84B2D3F24AB4BD00022F029 /* WordSetTableViewCell.swift */ = {isa = PBXFileReference; lastKnownFileType = sourcecode.swift; path = WordSetTableViewCell.swift; sourceTree = "<group>"; };
		A8580B1224DAF0070099B00F /* DefaultWordSetModel.swift */ = {isa = PBXFileReference; lastKnownFileType = sourcecode.swift; path = DefaultWordSetModel.swift; sourceTree = "<group>"; };
		A8580B1424DAF20D0099B00F /* DefaultWordSetModelApi.swift */ = {isa = PBXFileReference; lastKnownFileType = sourcecode.swift; path = DefaultWordSetModelApi.swift; sourceTree = "<group>"; };
		A8580B1824DAF6D70099B00F /* NewWordSetViewController.swift */ = {isa = PBXFileReference; lastKnownFileType = sourcecode.swift; path = NewWordSetViewController.swift; sourceTree = "<group>"; };
		A8580B1A24DAFE450099B00F /* DefaultWordSetViewController.swift */ = {isa = PBXFileReference; lastKnownFileType = sourcecode.swift; path = DefaultWordSetViewController.swift; sourceTree = "<group>"; };
		A8580B1C24DB04F50099B00F /* DefaultWordSetTableViewCell.swift */ = {isa = PBXFileReference; lastKnownFileType = sourcecode.swift; path = DefaultWordSetTableViewCell.swift; sourceTree = "<group>"; };
		A8580B1E24DB161C0099B00F /* DefaultWordSetInteractor.swift */ = {isa = PBXFileReference; lastKnownFileType = sourcecode.swift; path = DefaultWordSetInteractor.swift; sourceTree = "<group>"; };
		A8580B2024DB16AF0099B00F /* DefaultWordSetPresenter.swift */ = {isa = PBXFileReference; lastKnownFileType = sourcecode.swift; path = DefaultWordSetPresenter.swift; sourceTree = "<group>"; };
		A85A0A2A24BDA3C30044CFBA /* DataHandler.swift */ = {isa = PBXFileReference; lastKnownFileType = sourcecode.swift; path = DataHandler.swift; sourceTree = "<group>"; };
		A87EDF2224C8769C00D4F9CC /* WordSetTableInteractor.swift */ = {isa = PBXFileReference; lastKnownFileType = sourcecode.swift; path = WordSetTableInteractor.swift; sourceTree = "<group>"; };
		A87EDF2424C876B800D4F9CC /* WordSetTablePresenter.swift */ = {isa = PBXFileReference; lastKnownFileType = sourcecode.swift; path = WordSetTablePresenter.swift; sourceTree = "<group>"; };
		A88B1A0124D1D543008ADA7F /* WordSetCardCollectionViewCell.swift */ = {isa = PBXFileReference; lastKnownFileType = sourcecode.swift; path = WordSetCardCollectionViewCell.swift; sourceTree = "<group>"; };
		A88B1A0324D1E090008ADA7F /* WordSetCardView.swift */ = {isa = PBXFileReference; lastKnownFileType = sourcecode.swift; path = WordSetCardView.swift; sourceTree = "<group>"; };
		A88B1A0524D1F672008ADA7F /* WordSetCardInteractor.swift */ = {isa = PBXFileReference; lastKnownFileType = sourcecode.swift; path = WordSetCardInteractor.swift; sourceTree = "<group>"; };
		A88B1A0724D1F6A0008ADA7F /* WordSetCardPresenter.swift */ = {isa = PBXFileReference; lastKnownFileType = sourcecode.swift; path = WordSetCardPresenter.swift; sourceTree = "<group>"; };
		A88B1A0924D2ACC2008ADA7F /* String+.swift */ = {isa = PBXFileReference; lastKnownFileType = sourcecode.swift; path = "String+.swift"; sourceTree = "<group>"; };
		A88B1A0C24D2F1D6008ADA7F /* WordSetLearnViewController.swift */ = {isa = PBXFileReference; lastKnownFileType = sourcecode.swift; path = WordSetLearnViewController.swift; sourceTree = "<group>"; };
		A88B1A0E24D2FB40008ADA7F /* WordSetLearnCollectionViewCell.swift */ = {isa = PBXFileReference; lastKnownFileType = sourcecode.swift; path = WordSetLearnCollectionViewCell.swift; sourceTree = "<group>"; };
		A88B1A1024D7EA17008ADA7F /* WordSetLearnInteractor.swift */ = {isa = PBXFileReference; lastKnownFileType = sourcecode.swift; path = WordSetLearnInteractor.swift; sourceTree = "<group>"; };
		A88B1A1224D7EA28008ADA7F /* WordSetLearnPresentor.swift */ = {isa = PBXFileReference; lastKnownFileType = sourcecode.swift; path = WordSetLearnPresentor.swift; sourceTree = "<group>"; };
		A8A736BD24C5F38900F7482E /* NetworkManagerTest.swift */ = {isa = PBXFileReference; lastKnownFileType = sourcecode.swift; path = NetworkManagerTest.swift; sourceTree = "<group>"; };
		A8AA51D924BF419D0047B084 /* AddWordViewController.swift */ = {isa = PBXFileReference; lastKnownFileType = sourcecode.swift; path = AddWordViewController.swift; sourceTree = "<group>"; };
		A8ABBCA224B5043A008081FB /* EndPointType.swift */ = {isa = PBXFileReference; lastKnownFileType = sourcecode.swift; path = EndPointType.swift; sourceTree = "<group>"; };
		A8ABBCA524B505DB008081FB /* HTTPTask.swift */ = {isa = PBXFileReference; lastKnownFileType = sourcecode.swift; path = HTTPTask.swift; sourceTree = "<group>"; };
		A8ABBCA824B507EF008081FB /*  ParameterEncoding.swift */ = {isa = PBXFileReference; lastKnownFileType = sourcecode.swift; path = " ParameterEncoding.swift"; sourceTree = "<group>"; };
		A8ABBCAA24B509B0008081FB /* URLParameterEncoder.swift */ = {isa = PBXFileReference; lastKnownFileType = sourcecode.swift; path = URLParameterEncoder.swift; sourceTree = "<group>"; };
		A8ABBCAC24B50B84008081FB /* JSONParameterEncoder.swift */ = {isa = PBXFileReference; lastKnownFileType = sourcecode.swift; path = JSONParameterEncoder.swift; sourceTree = "<group>"; };
		A8ABBCAE24B50BEE008081FB /* NetworkRouter.swift */ = {isa = PBXFileReference; lastKnownFileType = sourcecode.swift; path = NetworkRouter.swift; sourceTree = "<group>"; };
		A8ABBCB024B50CAD008081FB /* Router.swift */ = {isa = PBXFileReference; lastKnownFileType = sourcecode.swift; path = Router.swift; sourceTree = "<group>"; };
		A8ABBCB324B51501008081FB /* TranslateWordApi.swift */ = {isa = PBXFileReference; lastKnownFileType = sourcecode.swift; path = TranslateWordApi.swift; sourceTree = "<group>"; };
		A8ABBCB724B5B2B1008081FB /* NetworkManager.swift */ = {isa = PBXFileReference; lastKnownFileType = sourcecode.swift; path = NetworkManager.swift; sourceTree = "<group>"; };
		A8B2143E24D9641100A3CF7F /* WordSetStatisticsViewController.swift */ = {isa = PBXFileReference; lastKnownFileType = sourcecode.swift; path = WordSetStatisticsViewController.swift; sourceTree = "<group>"; };
		A8B2144024D97CE900A3CF7F /* WordSetStatisticsInteractor.swift */ = {isa = PBXFileReference; lastKnownFileType = sourcecode.swift; path = WordSetStatisticsInteractor.swift; sourceTree = "<group>"; };
		A8B2144224D97CF600A3CF7F /* WordSetStatisticsPresentor.swift */ = {isa = PBXFileReference; lastKnownFileType = sourcecode.swift; path = WordSetStatisticsPresentor.swift; sourceTree = "<group>"; };
		A8B2144424D9822100A3CF7F /* WordStatisticsSectionModel.swift */ = {isa = PBXFileReference; lastKnownFileType = sourcecode.swift; path = WordStatisticsSectionModel.swift; sourceTree = "<group>"; };
		A8B5221E24DB24B4008F02C7 /* DefaultWordSetListViewController.swift */ = {isa = PBXFileReference; lastKnownFileType = sourcecode.swift; path = DefaultWordSetListViewController.swift; sourceTree = "<group>"; };
		A8B5222324DC064D008F02C7 /* SettingsViewController.swift */ = {isa = PBXFileReference; lastKnownFileType = sourcecode.swift; path = SettingsViewController.swift; sourceTree = "<group>"; };
		A8B5222524DC0DA3008F02C7 /* SettingsTableViewCell.swift */ = {isa = PBXFileReference; lastKnownFileType = sourcecode.swift; path = SettingsTableViewCell.swift; sourceTree = "<group>"; };
		A8B5222824DC1212008F02C7 /* ChooseLanguageViewController.swift */ = {isa = PBXFileReference; lastKnownFileType = sourcecode.swift; path = ChooseLanguageViewController.swift; sourceTree = "<group>"; };
		A8B5222A24DC1CC2008F02C7 /* ChooseLanguageTableViewCell.swift */ = {isa = PBXFileReference; lastKnownFileType = sourcecode.swift; path = ChooseLanguageTableViewCell.swift; sourceTree = "<group>"; };
		A8B5222C24DC2451008F02C7 /* ChooseLanguageModel.swift */ = {isa = PBXFileReference; lastKnownFileType = sourcecode.swift; path = ChooseLanguageModel.swift; sourceTree = "<group>"; };
		A8BF981124DD4A7A00755F7E /* AllWordSetsConfigurator.swift */ = {isa = PBXFileReference; lastKnownFileType = sourcecode.swift; path = AllWordSetsConfigurator.swift; sourceTree = "<group>"; };
		A8BF981324DD4CC300755F7E /* WordSetCardsConfigurator.swift */ = {isa = PBXFileReference; lastKnownFileType = sourcecode.swift; path = WordSetCardsConfigurator.swift; sourceTree = "<group>"; };
		A8BF981524DD4DD600755F7E /* WordSetLearnConfigurator.swift */ = {isa = PBXFileReference; lastKnownFileType = sourcecode.swift; path = WordSetLearnConfigurator.swift; sourceTree = "<group>"; };
		A8BF981724DD4EBD00755F7E /* WordSetStatisticsConfigurator.swift */ = {isa = PBXFileReference; lastKnownFileType = sourcecode.swift; path = WordSetStatisticsConfigurator.swift; sourceTree = "<group>"; };
		A8BF981924DD502400755F7E /* DefaultWordSetConfigurator.swift */ = {isa = PBXFileReference; lastKnownFileType = sourcecode.swift; path = DefaultWordSetConfigurator.swift; sourceTree = "<group>"; };
		A8BF981B24DD50F700755F7E /* AddWordConfigurator.swift */ = {isa = PBXFileReference; lastKnownFileType = sourcecode.swift; path = AddWordConfigurator.swift; sourceTree = "<group>"; };
		A8BF981D24DD56A400755F7E /* WordSetTableRouter.swift */ = {isa = PBXFileReference; lastKnownFileType = sourcecode.swift; path = WordSetTableRouter.swift; sourceTree = "<group>"; };
		A8BF981F24DD5E6E00755F7E /* WordSetRouter.swift */ = {isa = PBXFileReference; lastKnownFileType = sourcecode.swift; path = WordSetRouter.swift; sourceTree = "<group>"; };
		A8BF982124DD605F00755F7E /* WordSetConfigurator.swift */ = {isa = PBXFileReference; lastKnownFileType = sourcecode.swift; path = WordSetConfigurator.swift; sourceTree = "<group>"; };
		A8BF982324DD6B3D00755F7E /* WordSetListConfigurator.swift */ = {isa = PBXFileReference; lastKnownFileType = sourcecode.swift; path = WordSetListConfigurator.swift; sourceTree = "<group>"; };
		A8BF982524DD6D1700755F7E /* WordSetListPresenter.swift */ = {isa = PBXFileReference; lastKnownFileType = sourcecode.swift; path = WordSetListPresenter.swift; sourceTree = "<group>"; };
		A8BF982724DD6F8A00755F7E /* WordListTableRouter.swift */ = {isa = PBXFileReference; lastKnownFileType = sourcecode.swift; path = WordListTableRouter.swift; sourceTree = "<group>"; };
		A8F0D57824C249440004C609 /* ViewControllerExtension.swift */ = {isa = PBXFileReference; lastKnownFileType = sourcecode.swift; path = ViewControllerExtension.swift; sourceTree = "<group>"; };
		A8F0D57A24C249880004C609 /* TextFieldExtension.swift */ = {isa = PBXFileReference; lastKnownFileType = sourcecode.swift; path = TextFieldExtension.swift; sourceTree = "<group>"; };
		A8F0D57C24C249CB0004C609 /* SearchBarExtension.swift */ = {isa = PBXFileReference; lastKnownFileType = sourcecode.swift; path = SearchBarExtension.swift; sourceTree = "<group>"; };
		A8F0D57E24C38B8E0004C609 /* EnterInfoView.swift */ = {isa = PBXFileReference; lastKnownFileType = sourcecode.swift; path = EnterInfoView.swift; sourceTree = "<group>"; };
		A8F0D58024C477430004C609 /* AddWordInteractor.swift */ = {isa = PBXFileReference; lastKnownFileType = sourcecode.swift; path = AddWordInteractor.swift; sourceTree = "<group>"; };
		A8F0D58224C49C770004C609 /* AddWordPresenter.swift */ = {isa = PBXFileReference; lastKnownFileType = sourcecode.swift; path = AddWordPresenter.swift; sourceTree = "<group>"; };
		A8F0D58424C4A3FC0004C609 /* AddSetTableViewCell.swift */ = {isa = PBXFileReference; lastKnownFileType = sourcecode.swift; path = AddSetTableViewCell.swift; sourceTree = "<group>"; };
		A8F0D58624C4AA790004C609 /* AddWordRouter.swift */ = {isa = PBXFileReference; lastKnownFileType = sourcecode.swift; path = AddWordRouter.swift; sourceTree = "<group>"; };
		A8F0D58A24C4CFDD0004C609 /* WordModel.swift */ = {isa = PBXFileReference; lastKnownFileType = sourcecode.swift; path = WordModel.swift; sourceTree = "<group>"; };
		A8F0D58C24C5E1F40004C609 /* TranslationMeaningsParserTests.swift */ = {isa = PBXFileReference; lastKnownFileType = sourcecode.swift; path = TranslationMeaningsParserTests.swift; sourceTree = "<group>"; };
		A8FFB4D024B3393E00CCCE43 /* WordSetModel.swift */ = {isa = PBXFileReference; lastKnownFileType = sourcecode.swift; path = WordSetModel.swift; sourceTree = "<group>"; };
/* End PBXFileReference section */

/* Begin PBXFrameworksBuildPhase section */
		A81FF5BD24AA3D27007068F9 /* Frameworks */ = {
			isa = PBXFrameworksBuildPhase;
			buildActionMask = 2147483647;
			files = (
			);
			runOnlyForDeploymentPostprocessing = 0;
		};
		A81FF5D624AA3D2A007068F9 /* Frameworks */ = {
			isa = PBXFrameworksBuildPhase;
			buildActionMask = 2147483647;
			files = (
			);
			runOnlyForDeploymentPostprocessing = 0;
		};
		A81FF5E124AA3D2A007068F9 /* Frameworks */ = {
			isa = PBXFrameworksBuildPhase;
			buildActionMask = 2147483647;
			files = (
			);
			runOnlyForDeploymentPostprocessing = 0;
		};
/* End PBXFrameworksBuildPhase section */

/* Begin PBXGroup section */
		A804C91C24D06C16007E2524 /* Model */ = {
			isa = PBXGroup;
			children = (
				A8F0D58A24C4CFDD0004C609 /* WordModel.swift */,
				A8FFB4D024B3393E00CCCE43 /* WordSetModel.swift */,
			);
			path = Model;
			sourceTree = "<group>";
		};
		A804C92324D1AFCA007E2524 /* WordSetCardsScene */ = {
			isa = PBXGroup;
			children = (
				A804C92124D1AFC5007E2524 /* WordSetCardsViewController.swift */,
				A88B1A0124D1D543008ADA7F /* WordSetCardCollectionViewCell.swift */,
				A88B1A0324D1E090008ADA7F /* WordSetCardView.swift */,
				A88B1A0524D1F672008ADA7F /* WordSetCardInteractor.swift */,
				A88B1A0724D1F6A0008ADA7F /* WordSetCardPresenter.swift */,
				A8BF981324DD4CC300755F7E /* WordSetCardsConfigurator.swift */,
			);
			path = WordSetCardsScene;
			sourceTree = "<group>";
		};
		A81162A124BC9698002B4D8B /* Parser */ = {
			isa = PBXGroup;
			children = (
				A81162A224BC9777002B4D8B /* TranslationMeaningsParser.swift */,
			);
			path = Parser;
			sourceTree = "<group>";
		};
		A8185FF824CAFE3E00F93FD3 /* View */ = {
			isa = PBXGroup;
			children = (
				A8185FF924CAFE7000F93FD3 /* ButtonWithRoundCorners.swift */,
			);
			path = View;
			sourceTree = "<group>";
		};
		A8185FFB24CB065400F93FD3 /* WordSetListScene */ = {
			isa = PBXGroup;
			children = (
				A8185FFC24CB069300F93FD3 /* WordListTableViewController.swift */,
				A804C91D24D06CAA007E2524 /* WordListTableViewCell.swift */,
				A804C91F24D076C8007E2524 /* WordSetListInteractor.swift */,
				A8BF982324DD6B3D00755F7E /* WordSetListConfigurator.swift */,
				A8BF982524DD6D1700755F7E /* WordSetListPresenter.swift */,
				A8BF982724DD6F8A00755F7E /* WordListTableRouter.swift */,
			);
			path = WordSetListScene;
			sourceTree = "<group>";
		};
		A81FF5B724AA3D27007068F9 = {
			isa = PBXGroup;
			children = (
				A81FF5C224AA3D27007068F9 /* EasyLearnApp */,
				A81FF5DC24AA3D2A007068F9 /* EasyLearnAppTests */,
				A81FF5E724AA3D2A007068F9 /* EasyLearnAppUITests */,
				A81FF5C124AA3D27007068F9 /* Products */,
			);
			sourceTree = "<group>";
		};
		A81FF5C124AA3D27007068F9 /* Products */ = {
			isa = PBXGroup;
			children = (
				A81FF5C024AA3D27007068F9 /* EasyLearnApp.app */,
				A81FF5D924AA3D2A007068F9 /* EasyLearnAppTests.xctest */,
				A81FF5E424AA3D2A007068F9 /* EasyLearnAppUITests.xctest */,
			);
			name = Products;
			sourceTree = "<group>";
		};
		A81FF5C224AA3D27007068F9 /* EasyLearnApp */ = {
			isa = PBXGroup;
			children = (
				A8AA51DE24C03CE10047B084 /* CoreData */,
				A8FFB4D224B368F800CCCE43 /* Networking */,
				A8185FF824CAFE3E00F93FD3 /* View */,
				A804C91C24D06C16007E2524 /* Model */,
				A81FF5C324AA3D27007068F9 /* AppDelegate.swift */,
				A81FF5C524AA3D27007068F9 /* SceneDelegate.swift */,
				A84B2D3B24AA5ECF0022F029 /* Assets.xcassets */,
				A81FF5D424AA3D2A007068F9 /* Info.plist */,
				A81FF5CC24AA3D27007068F9 /* EasyLearnApp.xcdatamodeld */,
				A81FF5F624AA429F007068F9 /* TabBarController.swift */,
				A8AA51DD24C03C9D0047B084 /* AllWordSetsScene */,
				A8AA51DF24C03D790047B084 /* WordSetScene */,
				A8185FFB24CB065400F93FD3 /* WordSetListScene */,
				A804C92324D1AFCA007E2524 /* WordSetCardsScene */,
				A88B1A0B24D2F1AD008ADA7F /* WordSetLearnScene */,
				A8B2143D24D963BD00A3CF7F /* WordSetStatisticsScene */,
				A8580B1624DAF6700099B00F /* NewWordSetScene */,
				A8580B1724DAF6950099B00F /* DefaultWordSetScene */,
				A8B5221D24DB2494008F02C7 /* DefaultWordSetListScene */,
				A8AA51DC24C03C5C0047B084 /* AddSetScene */,
				A8AA51DB24C03C1C0047B084 /* AddWordScene */,
				A8B5222224DC0620008F02C7 /* SettingsScene */,
				A8B5222724DC11E4008F02C7 /* ChooseLanguageScene */,
				A8F0D57724C249000004C609 /* Extensions */,
			);
			path = EasyLearnApp;
			sourceTree = "<group>";
		};
		A81FF5DC24AA3D2A007068F9 /* EasyLearnAppTests */ = {
			isa = PBXGroup;
			children = (
				A8A736BD24C5F38900F7482E /* NetworkManagerTest.swift */,
				A8F0D58C24C5E1F40004C609 /* TranslationMeaningsParserTests.swift */,
				A81FF5DD24AA3D2A007068F9 /* EasyLearnAppTests.swift */,
				A81FF5DF24AA3D2A007068F9 /* Info.plist */,
			);
			path = EasyLearnAppTests;
			sourceTree = "<group>";
		};
		A81FF5E724AA3D2A007068F9 /* EasyLearnAppUITests */ = {
			isa = PBXGroup;
			children = (
				A81FF5E824AA3D2A007068F9 /* EasyLearnAppUITests.swift */,
				A81FF5EA24AA3D2A007068F9 /* Info.plist */,
			);
			path = EasyLearnAppUITests;
			sourceTree = "<group>";
		};
		A8580B1624DAF6700099B00F /* NewWordSetScene */ = {
			isa = PBXGroup;
			children = (
				A8580B1824DAF6D70099B00F /* NewWordSetViewController.swift */,
			);
			path = NewWordSetScene;
			sourceTree = "<group>";
		};
		A8580B1724DAF6950099B00F /* DefaultWordSetScene */ = {
			isa = PBXGroup;
			children = (
				A8580B1A24DAFE450099B00F /* DefaultWordSetViewController.swift */,
				A8580B1C24DB04F50099B00F /* DefaultWordSetTableViewCell.swift */,
				A8580B1E24DB161C0099B00F /* DefaultWordSetInteractor.swift */,
				A8580B2024DB16AF0099B00F /* DefaultWordSetPresenter.swift */,
				A8BF981924DD502400755F7E /* DefaultWordSetConfigurator.swift */,
			);
			path = DefaultWordSetScene;
			sourceTree = "<group>";
		};
		A88B1A0B24D2F1AD008ADA7F /* WordSetLearnScene */ = {
			isa = PBXGroup;
			children = (
				A88B1A0C24D2F1D6008ADA7F /* WordSetLearnViewController.swift */,
				A88B1A0E24D2FB40008ADA7F /* WordSetLearnCollectionViewCell.swift */,
				A88B1A1024D7EA17008ADA7F /* WordSetLearnInteractor.swift */,
				A88B1A1224D7EA28008ADA7F /* WordSetLearnPresentor.swift */,
				A8BF981524DD4DD600755F7E /* WordSetLearnConfigurator.swift */,
			);
			path = WordSetLearnScene;
			sourceTree = "<group>";
		};
		A8AA51DB24C03C1C0047B084 /* AddWordScene */ = {
			isa = PBXGroup;
			children = (
				A8AA51D924BF419D0047B084 /* AddWordViewController.swift */,
				A80D8C7D24C09D260056F7D9 /* AddWordTableViewCell.swift */,
				A8F0D58024C477430004C609 /* AddWordInteractor.swift */,
				A8F0D58224C49C770004C609 /* AddWordPresenter.swift */,
				A8F0D58624C4AA790004C609 /* AddWordRouter.swift */,
				A8BF981B24DD50F700755F7E /* AddWordConfigurator.swift */,
			);
			path = AddWordScene;
			sourceTree = "<group>";
		};
		A8AA51DC24C03C5C0047B084 /* AddSetScene */ = {
			isa = PBXGroup;
			children = (
				A81FF5C724AA3D27007068F9 /* AddSetViewController.swift */,
				A8F0D57E24C38B8E0004C609 /* EnterInfoView.swift */,
				A8F0D58424C4A3FC0004C609 /* AddSetTableViewCell.swift */,
			);
			path = AddSetScene;
			sourceTree = "<group>";
		};
		A8AA51DD24C03C9D0047B084 /* AllWordSetsScene */ = {
			isa = PBXGroup;
			children = (
				A84B2D3D24AB39570022F029 /* WordSetTableViewController.swift */,
				A84B2D3F24AB4BD00022F029 /* WordSetTableViewCell.swift */,
				A87EDF2224C8769C00D4F9CC /* WordSetTableInteractor.swift */,
				A87EDF2424C876B800D4F9CC /* WordSetTablePresenter.swift */,
				A8BF981124DD4A7A00755F7E /* AllWordSetsConfigurator.swift */,
				A8BF981D24DD56A400755F7E /* WordSetTableRouter.swift */,
			);
			path = AllWordSetsScene;
			sourceTree = "<group>";
		};
		A8AA51DE24C03CE10047B084 /* CoreData */ = {
			isa = PBXGroup;
			children = (
				A85A0A2A24BDA3C30044CFBA /* DataHandler.swift */,
			);
			path = CoreData;
			sourceTree = "<group>";
		};
		A8AA51DF24C03D790047B084 /* WordSetScene */ = {
			isa = PBXGroup;
			children = (
				A82EEA7924B3C01B00C35D90 /* WordSetViewController.swift */,
				A8BF981F24DD5E6E00755F7E /* WordSetRouter.swift */,
				A8BF982124DD605F00755F7E /* WordSetConfigurator.swift */,
			);
			path = WordSetScene;
			sourceTree = "<group>";
		};
		A8ABBCA424B5057E008081FB /* Service */ = {
			isa = PBXGroup;
			children = (
				A82EEA7D24B4814000C35D90 /* HTTPMethod.swift */,
				A8ABBCA224B5043A008081FB /* EndPointType.swift */,
				A8ABBCA524B505DB008081FB /* HTTPTask.swift */,
				A8ABBCAE24B50BEE008081FB /* NetworkRouter.swift */,
				A8ABBCB024B50CAD008081FB /* Router.swift */,
			);
			path = Service;
			sourceTree = "<group>";
		};
		A8ABBCA724B507D0008081FB /* Encoding */ = {
			isa = PBXGroup;
			children = (
				A8ABBCA824B507EF008081FB /*  ParameterEncoding.swift */,
				A8ABBCAA24B509B0008081FB /* URLParameterEncoder.swift */,
				A8ABBCAC24B50B84008081FB /* JSONParameterEncoder.swift */,
			);
			path = Encoding;
			sourceTree = "<group>";
		};
		A8ABBCB224B51494008081FB /* EndPoint */ = {
			isa = PBXGroup;
			children = (
				A8ABBCB324B51501008081FB /* TranslateWordApi.swift */,
				A8580B1424DAF20D0099B00F /* DefaultWordSetModelApi.swift */,
			);
			path = EndPoint;
			sourceTree = "<group>";
		};
		A8ABBCB524B5B209008081FB /* Model */ = {
			isa = PBXGroup;
			children = (
				A8101D9224B5EF2D00FE4F60 /* TranslationModel.swift */,
				A8580B1224DAF0070099B00F /* DefaultWordSetModel.swift */,
			);
			path = Model;
			sourceTree = "<group>";
		};
		A8ABBCB624B5B262008081FB /* Manager */ = {
			isa = PBXGroup;
			children = (
				A8ABBCB724B5B2B1008081FB /* NetworkManager.swift */,
			);
			path = Manager;
			sourceTree = "<group>";
		};
		A8B2143D24D963BD00A3CF7F /* WordSetStatisticsScene */ = {
			isa = PBXGroup;
			children = (
				A8B2143E24D9641100A3CF7F /* WordSetStatisticsViewController.swift */,
				A8B2144024D97CE900A3CF7F /* WordSetStatisticsInteractor.swift */,
				A8B2144224D97CF600A3CF7F /* WordSetStatisticsPresentor.swift */,
				A8B2144424D9822100A3CF7F /* WordStatisticsSectionModel.swift */,
				A8BF981724DD4EBD00755F7E /* WordSetStatisticsConfigurator.swift */,
			);
			path = WordSetStatisticsScene;
			sourceTree = "<group>";
		};
		A8B5221D24DB2494008F02C7 /* DefaultWordSetListScene */ = {
			isa = PBXGroup;
			children = (
				A8B5221E24DB24B4008F02C7 /* DefaultWordSetListViewController.swift */,
			);
			path = DefaultWordSetListScene;
			sourceTree = "<group>";
		};
		A8B5222224DC0620008F02C7 /* SettingsScene */ = {
			isa = PBXGroup;
			children = (
				A8B5222324DC064D008F02C7 /* SettingsViewController.swift */,
				A8B5222524DC0DA3008F02C7 /* SettingsTableViewCell.swift */,
			);
			path = SettingsScene;
			sourceTree = "<group>";
		};
		A8B5222724DC11E4008F02C7 /* ChooseLanguageScene */ = {
			isa = PBXGroup;
			children = (
				A8B5222824DC1212008F02C7 /* ChooseLanguageViewController.swift */,
				A8B5222A24DC1CC2008F02C7 /* ChooseLanguageTableViewCell.swift */,
				A8B5222C24DC2451008F02C7 /* ChooseLanguageModel.swift */,
			);
			path = ChooseLanguageScene;
			sourceTree = "<group>";
		};
		A8F0D57724C249000004C609 /* Extensions */ = {
			isa = PBXGroup;
			children = (
				A8F0D57824C249440004C609 /* ViewControllerExtension.swift */,
				A8F0D57A24C249880004C609 /* TextFieldExtension.swift */,
				A8F0D57C24C249CB0004C609 /* SearchBarExtension.swift */,
				A88B1A0924D2ACC2008ADA7F /* String+.swift */,
			);
			path = Extensions;
			sourceTree = "<group>";
		};
		A8FFB4D224B368F800CCCE43 /* Networking */ = {
			isa = PBXGroup;
			children = (
				A81162A124BC9698002B4D8B /* Parser */,
				A8ABBCB624B5B262008081FB /* Manager */,
				A8ABBCB524B5B209008081FB /* Model */,
				A8ABBCB224B51494008081FB /* EndPoint */,
				A8ABBCA724B507D0008081FB /* Encoding */,
				A8ABBCA424B5057E008081FB /* Service */,
			);
			path = Networking;
			sourceTree = "<group>";
		};
/* End PBXGroup section */

/* Begin PBXNativeTarget section */
		A81FF5BF24AA3D27007068F9 /* EasyLearnApp */ = {
			isa = PBXNativeTarget;
			buildConfigurationList = A81FF5ED24AA3D2A007068F9 /* Build configuration list for PBXNativeTarget "EasyLearnApp" */;
			buildPhases = (
				A81FF5BC24AA3D27007068F9 /* Sources */,
				A81FF5BD24AA3D27007068F9 /* Frameworks */,
				A81FF5BE24AA3D27007068F9 /* Resources */,
			);
			buildRules = (
			);
			dependencies = (
			);
			name = EasyLearnApp;
			productName = EasyLearnApp;
			productReference = A81FF5C024AA3D27007068F9 /* EasyLearnApp.app */;
			productType = "com.apple.product-type.application";
		};
		A81FF5D824AA3D2A007068F9 /* EasyLearnAppTests */ = {
			isa = PBXNativeTarget;
			buildConfigurationList = A81FF5F024AA3D2A007068F9 /* Build configuration list for PBXNativeTarget "EasyLearnAppTests" */;
			buildPhases = (
				A81FF5D524AA3D2A007068F9 /* Sources */,
				A81FF5D624AA3D2A007068F9 /* Frameworks */,
				A81FF5D724AA3D2A007068F9 /* Resources */,
			);
			buildRules = (
			);
			dependencies = (
				A81FF5DB24AA3D2A007068F9 /* PBXTargetDependency */,
			);
			name = EasyLearnAppTests;
			productName = EasyLearnAppTests;
			productReference = A81FF5D924AA3D2A007068F9 /* EasyLearnAppTests.xctest */;
			productType = "com.apple.product-type.bundle.unit-test";
		};
		A81FF5E324AA3D2A007068F9 /* EasyLearnAppUITests */ = {
			isa = PBXNativeTarget;
			buildConfigurationList = A81FF5F324AA3D2A007068F9 /* Build configuration list for PBXNativeTarget "EasyLearnAppUITests" */;
			buildPhases = (
				A81FF5E024AA3D2A007068F9 /* Sources */,
				A81FF5E124AA3D2A007068F9 /* Frameworks */,
				A81FF5E224AA3D2A007068F9 /* Resources */,
			);
			buildRules = (
			);
			dependencies = (
				A81FF5E624AA3D2A007068F9 /* PBXTargetDependency */,
			);
			name = EasyLearnAppUITests;
			productName = EasyLearnAppUITests;
			productReference = A81FF5E424AA3D2A007068F9 /* EasyLearnAppUITests.xctest */;
			productType = "com.apple.product-type.bundle.ui-testing";
		};
/* End PBXNativeTarget section */

/* Begin PBXProject section */
		A81FF5B824AA3D27007068F9 /* Project object */ = {
			isa = PBXProject;
			attributes = {
				LastSwiftUpdateCheck = 1150;
				LastUpgradeCheck = 1150;
				ORGANIZATIONNAME = "Alexandra Gertsenshtein";
				TargetAttributes = {
					A81FF5BF24AA3D27007068F9 = {
						CreatedOnToolsVersion = 11.5;
					};
					A81FF5D824AA3D2A007068F9 = {
						CreatedOnToolsVersion = 11.5;
						TestTargetID = A81FF5BF24AA3D27007068F9;
					};
					A81FF5E324AA3D2A007068F9 = {
						CreatedOnToolsVersion = 11.5;
						TestTargetID = A81FF5BF24AA3D27007068F9;
					};
				};
			};
			buildConfigurationList = A81FF5BB24AA3D27007068F9 /* Build configuration list for PBXProject "EasyLearnApp" */;
			compatibilityVersion = "Xcode 9.3";
			developmentRegion = en;
			hasScannedForEncodings = 0;
			knownRegions = (
				en,
				Base,
			);
			mainGroup = A81FF5B724AA3D27007068F9;
			productRefGroup = A81FF5C124AA3D27007068F9 /* Products */;
			projectDirPath = "";
			projectRoot = "";
			targets = (
				A81FF5BF24AA3D27007068F9 /* EasyLearnApp */,
				A81FF5D824AA3D2A007068F9 /* EasyLearnAppTests */,
				A81FF5E324AA3D2A007068F9 /* EasyLearnAppUITests */,
			);
		};
/* End PBXProject section */

/* Begin PBXResourcesBuildPhase section */
		A81FF5BE24AA3D27007068F9 /* Resources */ = {
			isa = PBXResourcesBuildPhase;
			buildActionMask = 2147483647;
			files = (
				A84B2D3C24AA5ECF0022F029 /* Assets.xcassets in Resources */,
			);
			runOnlyForDeploymentPostprocessing = 0;
		};
		A81FF5D724AA3D2A007068F9 /* Resources */ = {
			isa = PBXResourcesBuildPhase;
			buildActionMask = 2147483647;
			files = (
			);
			runOnlyForDeploymentPostprocessing = 0;
		};
		A81FF5E224AA3D2A007068F9 /* Resources */ = {
			isa = PBXResourcesBuildPhase;
			buildActionMask = 2147483647;
			files = (
			);
			runOnlyForDeploymentPostprocessing = 0;
		};
/* End PBXResourcesBuildPhase section */

/* Begin PBXSourcesBuildPhase section */
		A81FF5BC24AA3D27007068F9 /* Sources */ = {
			isa = PBXSourcesBuildPhase;
			buildActionMask = 2147483647;
			files = (
				A8ABBCA624B505DB008081FB /* HTTPTask.swift in Sources */,
				A88B1A0224D1D543008ADA7F /* WordSetCardCollectionViewCell.swift in Sources */,
				A8F0D58124C477430004C609 /* AddWordInteractor.swift in Sources */,
				A84B2D3E24AB39570022F029 /* WordSetTableViewController.swift in Sources */,
				A8ABBCA924B507EF008081FB /*  ParameterEncoding.swift in Sources */,
				A8B5222924DC1212008F02C7 /* ChooseLanguageViewController.swift in Sources */,
				A8F0D57924C249440004C609 /* ViewControllerExtension.swift in Sources */,
				A88B1A0624D1F672008ADA7F /* WordSetCardInteractor.swift in Sources */,
				A8ABBCB824B5B2B1008081FB /* NetworkManager.swift in Sources */,
				A804C92224D1AFC5007E2524 /* WordSetCardsViewController.swift in Sources */,
				A81FF5C824AA3D27007068F9 /* AddSetViewController.swift in Sources */,
				A8ABBCA324B5043A008081FB /* EndPointType.swift in Sources */,
				A8B5222624DC0DA3008F02C7 /* SettingsTableViewCell.swift in Sources */,
				A81FF5C424AA3D27007068F9 /* AppDelegate.swift in Sources */,
				A8B5222D24DC2451008F02C7 /* ChooseLanguageModel.swift in Sources */,
				A88B1A1124D7EA17008ADA7F /* WordSetLearnInteractor.swift in Sources */,
				A8ABBCB124B50CAD008081FB /* Router.swift in Sources */,
				A8580B1324DAF0070099B00F /* DefaultWordSetModel.swift in Sources */,
				A8BF981A24DD502400755F7E /* DefaultWordSetConfigurator.swift in Sources */,
				A8F0D58524C4A3FC0004C609 /* AddSetTableViewCell.swift in Sources */,
				A8580B1524DAF20D0099B00F /* DefaultWordSetModelApi.swift in Sources */,
				A8185FFD24CB069300F93FD3 /* WordListTableViewController.swift in Sources */,
				A8F0D57B24C249880004C609 /* TextFieldExtension.swift in Sources */,
				A8BF981224DD4A7A00755F7E /* AllWordSetsConfigurator.swift in Sources */,
				A88B1A1324D7EA28008ADA7F /* WordSetLearnPresentor.swift in Sources */,
				A8B2143F24D9641100A3CF7F /* WordSetStatisticsViewController.swift in Sources */,
				A82EEA7A24B3C01B00C35D90 /* WordSetViewController.swift in Sources */,
				A8580B1B24DAFE450099B00F /* DefaultWordSetViewController.swift in Sources */,
				A8BF981C24DD50F700755F7E /* AddWordConfigurator.swift in Sources */,
				A82EEA7E24B4814000C35D90 /* HTTPMethod.swift in Sources */,
				A88B1A0424D1E090008ADA7F /* WordSetCardView.swift in Sources */,
				A88B1A0824D1F6A0008ADA7F /* WordSetCardPresenter.swift in Sources */,
				A8ABBCB424B51501008081FB /* TranslateWordApi.swift in Sources */,
				A8F0D58324C49C770004C609 /* AddWordPresenter.swift in Sources */,
				A8AA51DA24BF419D0047B084 /* AddWordViewController.swift in Sources */,
				A8BF981624DD4DD600755F7E /* WordSetLearnConfigurator.swift in Sources */,
				A8580B2124DB16AF0099B00F /* DefaultWordSetPresenter.swift in Sources */,
				A8BF982024DD5E6E00755F7E /* WordSetRouter.swift in Sources */,
				A8ABBCAB24B509B0008081FB /* URLParameterEncoder.swift in Sources */,
				A8B2144524D9822100A3CF7F /* WordStatisticsSectionModel.swift in Sources */,
				A88B1A0D24D2F1D6008ADA7F /* WordSetLearnViewController.swift in Sources */,
				A85A0A2B24BDA3C30044CFBA /* DataHandler.swift in Sources */,
				A84B2D4024AB4BD00022F029 /* WordSetTableViewCell.swift in Sources */,
				A8F0D58B24C4CFDD0004C609 /* WordModel.swift in Sources */,
				A8B5221F24DB24B4008F02C7 /* DefaultWordSetListViewController.swift in Sources */,
				A8BF981424DD4CC400755F7E /* WordSetCardsConfigurator.swift in Sources */,
				A8580B1924DAF6D70099B00F /* NewWordSetViewController.swift in Sources */,
				A8BF982624DD6D1700755F7E /* WordSetListPresenter.swift in Sources */,
				A8BF982424DD6B3D00755F7E /* WordSetListConfigurator.swift in Sources */,
				A8F0D58724C4AA790004C609 /* AddWordRouter.swift in Sources */,
				A8B5222B24DC1CC2008F02C7 /* ChooseLanguageTableViewCell.swift in Sources */,
				A81FF5CE24AA3D27007068F9 /* EasyLearnApp.xcdatamodeld in Sources */,
				A81FF5F724AA429F007068F9 /* TabBarController.swift in Sources */,
				A8BF981824DD4EBD00755F7E /* WordSetStatisticsConfigurator.swift in Sources */,
				A88B1A0F24D2FB40008ADA7F /* WordSetLearnCollectionViewCell.swift in Sources */,
				A8580B1D24DB04F50099B00F /* DefaultWordSetTableViewCell.swift in Sources */,
				A81162A324BC9777002B4D8B /* TranslationMeaningsParser.swift in Sources */,
				A8ABBCAD24B50B84008081FB /* JSONParameterEncoder.swift in Sources */,
				A87EDF2524C876B800D4F9CC /* WordSetTablePresenter.swift in Sources */,
				A8FFB4D124B3393E00CCCE43 /* WordSetModel.swift in Sources */,
				A8185FFA24CAFE7000F93FD3 /* ButtonWithRoundCorners.swift in Sources */,
				A8B2144124D97CE900A3CF7F /* WordSetStatisticsInteractor.swift in Sources */,
				A8101D9324B5EF2D00FE4F60 /* TranslationModel.swift in Sources */,
				A8F0D57D24C249CB0004C609 /* SearchBarExtension.swift in Sources */,
				A8B5222424DC064D008F02C7 /* SettingsViewController.swift in Sources */,
				A8BF982224DD605F00755F7E /* WordSetConfigurator.swift in Sources */,
				A88B1A0A24D2ACC2008ADA7F /* String+.swift in Sources */,
				A80D8C7E24C09D260056F7D9 /* AddWordTableViewCell.swift in Sources */,
				A8BF981E24DD56A400755F7E /* WordSetTableRouter.swift in Sources */,
				A81FF5C624AA3D27007068F9 /* SceneDelegate.swift in Sources */,
				A8580B1F24DB161C0099B00F /* DefaultWordSetInteractor.swift in Sources */,
				A87EDF2324C8769C00D4F9CC /* WordSetTableInteractor.swift in Sources */,
				A8ABBCAF24B50BEE008081FB /* NetworkRouter.swift in Sources */,
				A8B2144324D97CF600A3CF7F /* WordSetStatisticsPresentor.swift in Sources */,
				A804C92024D076C8007E2524 /* WordSetListInteractor.swift in Sources */,
				A804C91E24D06CAA007E2524 /* WordListTableViewCell.swift in Sources */,
				A8F0D57F24C38B8E0004C609 /* EnterInfoView.swift in Sources */,
				A8BF982824DD6F8A00755F7E /* WordListTableRouter.swift in Sources */,
			);
			runOnlyForDeploymentPostprocessing = 0;
		};
		A81FF5D524AA3D2A007068F9 /* Sources */ = {
			isa = PBXSourcesBuildPhase;
			buildActionMask = 2147483647;
			files = (
				A8A736BE24C5F38900F7482E /* NetworkManagerTest.swift in Sources */,
				A8F0D58D24C5E1F40004C609 /* TranslationMeaningsParserTests.swift in Sources */,
				A81FF5DE24AA3D2A007068F9 /* EasyLearnAppTests.swift in Sources */,
			);
			runOnlyForDeploymentPostprocessing = 0;
		};
		A81FF5E024AA3D2A007068F9 /* Sources */ = {
			isa = PBXSourcesBuildPhase;
			buildActionMask = 2147483647;
			files = (
				A81FF5E924AA3D2A007068F9 /* EasyLearnAppUITests.swift in Sources */,
			);
			runOnlyForDeploymentPostprocessing = 0;
		};
/* End PBXSourcesBuildPhase section */

/* Begin PBXTargetDependency section */
		A81FF5DB24AA3D2A007068F9 /* PBXTargetDependency */ = {
			isa = PBXTargetDependency;
			target = A81FF5BF24AA3D27007068F9 /* EasyLearnApp */;
			targetProxy = A81FF5DA24AA3D2A007068F9 /* PBXContainerItemProxy */;
		};
		A81FF5E624AA3D2A007068F9 /* PBXTargetDependency */ = {
			isa = PBXTargetDependency;
			target = A81FF5BF24AA3D27007068F9 /* EasyLearnApp */;
			targetProxy = A81FF5E524AA3D2A007068F9 /* PBXContainerItemProxy */;
		};
/* End PBXTargetDependency section */

/* Begin XCBuildConfiguration section */
		A81FF5EB24AA3D2A007068F9 /* Debug */ = {
			isa = XCBuildConfiguration;
			buildSettings = {
				ALWAYS_SEARCH_USER_PATHS = NO;
				CLANG_ANALYZER_NONNULL = YES;
				CLANG_ANALYZER_NUMBER_OBJECT_CONVERSION = YES_AGGRESSIVE;
				CLANG_CXX_LANGUAGE_STANDARD = "gnu++14";
				CLANG_CXX_LIBRARY = "libc++";
				CLANG_ENABLE_MODULES = YES;
				CLANG_ENABLE_OBJC_ARC = YES;
				CLANG_ENABLE_OBJC_WEAK = YES;
				CLANG_WARN_BLOCK_CAPTURE_AUTORELEASING = YES;
				CLANG_WARN_BOOL_CONVERSION = YES;
				CLANG_WARN_COMMA = YES;
				CLANG_WARN_CONSTANT_CONVERSION = YES;
				CLANG_WARN_DEPRECATED_OBJC_IMPLEMENTATIONS = YES;
				CLANG_WARN_DIRECT_OBJC_ISA_USAGE = YES_ERROR;
				CLANG_WARN_DOCUMENTATION_COMMENTS = YES;
				CLANG_WARN_EMPTY_BODY = YES;
				CLANG_WARN_ENUM_CONVERSION = YES;
				CLANG_WARN_INFINITE_RECURSION = YES;
				CLANG_WARN_INT_CONVERSION = YES;
				CLANG_WARN_NON_LITERAL_NULL_CONVERSION = YES;
				CLANG_WARN_OBJC_IMPLICIT_RETAIN_SELF = YES;
				CLANG_WARN_OBJC_LITERAL_CONVERSION = YES;
				CLANG_WARN_OBJC_ROOT_CLASS = YES_ERROR;
				CLANG_WARN_RANGE_LOOP_ANALYSIS = YES;
				CLANG_WARN_STRICT_PROTOTYPES = YES;
				CLANG_WARN_SUSPICIOUS_MOVE = YES;
				CLANG_WARN_UNGUARDED_AVAILABILITY = YES_AGGRESSIVE;
				CLANG_WARN_UNREACHABLE_CODE = YES;
				CLANG_WARN__DUPLICATE_METHOD_MATCH = YES;
				COPY_PHASE_STRIP = NO;
				DEBUG_INFORMATION_FORMAT = dwarf;
				ENABLE_STRICT_OBJC_MSGSEND = YES;
				ENABLE_TESTABILITY = YES;
				GCC_C_LANGUAGE_STANDARD = gnu11;
				GCC_DYNAMIC_NO_PIC = NO;
				GCC_NO_COMMON_BLOCKS = YES;
				GCC_OPTIMIZATION_LEVEL = 0;
				GCC_PREPROCESSOR_DEFINITIONS = (
					"DEBUG=1",
					"$(inherited)",
				);
				GCC_WARN_64_TO_32_BIT_CONVERSION = YES;
				GCC_WARN_ABOUT_RETURN_TYPE = YES_ERROR;
				GCC_WARN_UNDECLARED_SELECTOR = YES;
				GCC_WARN_UNINITIALIZED_AUTOS = YES_AGGRESSIVE;
				GCC_WARN_UNUSED_FUNCTION = YES;
				GCC_WARN_UNUSED_VARIABLE = YES;
				IPHONEOS_DEPLOYMENT_TARGET = 13.5;
				MTL_ENABLE_DEBUG_INFO = INCLUDE_SOURCE;
				MTL_FAST_MATH = YES;
				ONLY_ACTIVE_ARCH = YES;
				SDKROOT = iphoneos;
				SWIFT_ACTIVE_COMPILATION_CONDITIONS = DEBUG;
				SWIFT_OPTIMIZATION_LEVEL = "-Onone";
			};
			name = Debug;
		};
		A81FF5EC24AA3D2A007068F9 /* Release */ = {
			isa = XCBuildConfiguration;
			buildSettings = {
				ALWAYS_SEARCH_USER_PATHS = NO;
				CLANG_ANALYZER_NONNULL = YES;
				CLANG_ANALYZER_NUMBER_OBJECT_CONVERSION = YES_AGGRESSIVE;
				CLANG_CXX_LANGUAGE_STANDARD = "gnu++14";
				CLANG_CXX_LIBRARY = "libc++";
				CLANG_ENABLE_MODULES = YES;
				CLANG_ENABLE_OBJC_ARC = YES;
				CLANG_ENABLE_OBJC_WEAK = YES;
				CLANG_WARN_BLOCK_CAPTURE_AUTORELEASING = YES;
				CLANG_WARN_BOOL_CONVERSION = YES;
				CLANG_WARN_COMMA = YES;
				CLANG_WARN_CONSTANT_CONVERSION = YES;
				CLANG_WARN_DEPRECATED_OBJC_IMPLEMENTATIONS = YES;
				CLANG_WARN_DIRECT_OBJC_ISA_USAGE = YES_ERROR;
				CLANG_WARN_DOCUMENTATION_COMMENTS = YES;
				CLANG_WARN_EMPTY_BODY = YES;
				CLANG_WARN_ENUM_CONVERSION = YES;
				CLANG_WARN_INFINITE_RECURSION = YES;
				CLANG_WARN_INT_CONVERSION = YES;
				CLANG_WARN_NON_LITERAL_NULL_CONVERSION = YES;
				CLANG_WARN_OBJC_IMPLICIT_RETAIN_SELF = YES;
				CLANG_WARN_OBJC_LITERAL_CONVERSION = YES;
				CLANG_WARN_OBJC_ROOT_CLASS = YES_ERROR;
				CLANG_WARN_RANGE_LOOP_ANALYSIS = YES;
				CLANG_WARN_STRICT_PROTOTYPES = YES;
				CLANG_WARN_SUSPICIOUS_MOVE = YES;
				CLANG_WARN_UNGUARDED_AVAILABILITY = YES_AGGRESSIVE;
				CLANG_WARN_UNREACHABLE_CODE = YES;
				CLANG_WARN__DUPLICATE_METHOD_MATCH = YES;
				COPY_PHASE_STRIP = NO;
				DEBUG_INFORMATION_FORMAT = "dwarf-with-dsym";
				ENABLE_NS_ASSERTIONS = NO;
				ENABLE_STRICT_OBJC_MSGSEND = YES;
				GCC_C_LANGUAGE_STANDARD = gnu11;
				GCC_NO_COMMON_BLOCKS = YES;
				GCC_WARN_64_TO_32_BIT_CONVERSION = YES;
				GCC_WARN_ABOUT_RETURN_TYPE = YES_ERROR;
				GCC_WARN_UNDECLARED_SELECTOR = YES;
				GCC_WARN_UNINITIALIZED_AUTOS = YES_AGGRESSIVE;
				GCC_WARN_UNUSED_FUNCTION = YES;
				GCC_WARN_UNUSED_VARIABLE = YES;
				IPHONEOS_DEPLOYMENT_TARGET = 13.5;
				MTL_ENABLE_DEBUG_INFO = NO;
				MTL_FAST_MATH = YES;
				SDKROOT = iphoneos;
				SWIFT_COMPILATION_MODE = wholemodule;
				SWIFT_OPTIMIZATION_LEVEL = "-O";
				VALIDATE_PRODUCT = YES;
			};
			name = Release;
		};
		A81FF5EE24AA3D2A007068F9 /* Debug */ = {
			isa = XCBuildConfiguration;
			buildSettings = {
				ASSETCATALOG_COMPILER_APPICON_NAME = AppIcon;
				CODE_SIGN_STYLE = Automatic;
				DEVELOPMENT_TEAM = 93M6Q9D5UG;
				INFOPLIST_FILE = EasyLearnApp/Info.plist;
				LD_RUNPATH_SEARCH_PATHS = (
					"$(inherited)",
					"@executable_path/Frameworks",
				);
				PRODUCT_BUNDLE_IDENTIFIER = Alexandra.EasyLearnApp;
				PRODUCT_NAME = "$(TARGET_NAME)";
				SWIFT_VERSION = 5.0;
				TARGETED_DEVICE_FAMILY = "1,2";
			};
			name = Debug;
		};
		A81FF5EF24AA3D2A007068F9 /* Release */ = {
			isa = XCBuildConfiguration;
			buildSettings = {
				ASSETCATALOG_COMPILER_APPICON_NAME = AppIcon;
				CODE_SIGN_STYLE = Automatic;
				DEVELOPMENT_TEAM = 93M6Q9D5UG;
				INFOPLIST_FILE = EasyLearnApp/Info.plist;
				LD_RUNPATH_SEARCH_PATHS = (
					"$(inherited)",
					"@executable_path/Frameworks",
				);
				PRODUCT_BUNDLE_IDENTIFIER = Alexandra.EasyLearnApp;
				PRODUCT_NAME = "$(TARGET_NAME)";
				SWIFT_VERSION = 5.0;
				TARGETED_DEVICE_FAMILY = "1,2";
			};
			name = Release;
		};
		A81FF5F124AA3D2A007068F9 /* Debug */ = {
			isa = XCBuildConfiguration;
			buildSettings = {
				ALWAYS_EMBED_SWIFT_STANDARD_LIBRARIES = YES;
				BUNDLE_LOADER = "$(TEST_HOST)";
				CODE_SIGN_STYLE = Automatic;
				DEVELOPMENT_TEAM = 93M6Q9D5UG;
				INFOPLIST_FILE = EasyLearnAppTests/Info.plist;
				IPHONEOS_DEPLOYMENT_TARGET = 13.5;
				LD_RUNPATH_SEARCH_PATHS = (
					"$(inherited)",
					"@executable_path/Frameworks",
					"@loader_path/Frameworks",
				);
				PRODUCT_BUNDLE_IDENTIFIER = Alexandra.EasyLearnAppTests;
				PRODUCT_NAME = "$(TARGET_NAME)";
				SWIFT_VERSION = 5.0;
				TARGETED_DEVICE_FAMILY = "1,2";
				TEST_HOST = "$(BUILT_PRODUCTS_DIR)/EasyLearnApp.app/EasyLearnApp";
			};
			name = Debug;
		};
		A81FF5F224AA3D2A007068F9 /* Release */ = {
			isa = XCBuildConfiguration;
			buildSettings = {
				ALWAYS_EMBED_SWIFT_STANDARD_LIBRARIES = YES;
				BUNDLE_LOADER = "$(TEST_HOST)";
				CODE_SIGN_STYLE = Automatic;
				DEVELOPMENT_TEAM = 93M6Q9D5UG;
				INFOPLIST_FILE = EasyLearnAppTests/Info.plist;
				IPHONEOS_DEPLOYMENT_TARGET = 13.5;
				LD_RUNPATH_SEARCH_PATHS = (
					"$(inherited)",
					"@executable_path/Frameworks",
					"@loader_path/Frameworks",
				);
				PRODUCT_BUNDLE_IDENTIFIER = Alexandra.EasyLearnAppTests;
				PRODUCT_NAME = "$(TARGET_NAME)";
				SWIFT_VERSION = 5.0;
				TARGETED_DEVICE_FAMILY = "1,2";
				TEST_HOST = "$(BUILT_PRODUCTS_DIR)/EasyLearnApp.app/EasyLearnApp";
			};
			name = Release;
		};
		A81FF5F424AA3D2A007068F9 /* Debug */ = {
			isa = XCBuildConfiguration;
			buildSettings = {
				ALWAYS_EMBED_SWIFT_STANDARD_LIBRARIES = YES;
				CODE_SIGN_STYLE = Automatic;
				DEVELOPMENT_TEAM = 93M6Q9D5UG;
				INFOPLIST_FILE = EasyLearnAppUITests/Info.plist;
				LD_RUNPATH_SEARCH_PATHS = (
					"$(inherited)",
					"@executable_path/Frameworks",
					"@loader_path/Frameworks",
				);
				PRODUCT_BUNDLE_IDENTIFIER = Alexandra.EasyLearnAppUITests;
				PRODUCT_NAME = "$(TARGET_NAME)";
				SWIFT_VERSION = 5.0;
				TARGETED_DEVICE_FAMILY = "1,2";
				TEST_TARGET_NAME = EasyLearnApp;
			};
			name = Debug;
		};
		A81FF5F524AA3D2A007068F9 /* Release */ = {
			isa = XCBuildConfiguration;
			buildSettings = {
				ALWAYS_EMBED_SWIFT_STANDARD_LIBRARIES = YES;
				CODE_SIGN_STYLE = Automatic;
				DEVELOPMENT_TEAM = 93M6Q9D5UG;
				INFOPLIST_FILE = EasyLearnAppUITests/Info.plist;
				LD_RUNPATH_SEARCH_PATHS = (
					"$(inherited)",
					"@executable_path/Frameworks",
					"@loader_path/Frameworks",
				);
				PRODUCT_BUNDLE_IDENTIFIER = Alexandra.EasyLearnAppUITests;
				PRODUCT_NAME = "$(TARGET_NAME)";
				SWIFT_VERSION = 5.0;
				TARGETED_DEVICE_FAMILY = "1,2";
				TEST_TARGET_NAME = EasyLearnApp;
			};
			name = Release;
		};
/* End XCBuildConfiguration section */

/* Begin XCConfigurationList section */
		A81FF5BB24AA3D27007068F9 /* Build configuration list for PBXProject "EasyLearnApp" */ = {
			isa = XCConfigurationList;
			buildConfigurations = (
				A81FF5EB24AA3D2A007068F9 /* Debug */,
				A81FF5EC24AA3D2A007068F9 /* Release */,
			);
			defaultConfigurationIsVisible = 0;
			defaultConfigurationName = Release;
		};
		A81FF5ED24AA3D2A007068F9 /* Build configuration list for PBXNativeTarget "EasyLearnApp" */ = {
			isa = XCConfigurationList;
			buildConfigurations = (
				A81FF5EE24AA3D2A007068F9 /* Debug */,
				A81FF5EF24AA3D2A007068F9 /* Release */,
			);
			defaultConfigurationIsVisible = 0;
			defaultConfigurationName = Release;
		};
		A81FF5F024AA3D2A007068F9 /* Build configuration list for PBXNativeTarget "EasyLearnAppTests" */ = {
			isa = XCConfigurationList;
			buildConfigurations = (
				A81FF5F124AA3D2A007068F9 /* Debug */,
				A81FF5F224AA3D2A007068F9 /* Release */,
			);
			defaultConfigurationIsVisible = 0;
			defaultConfigurationName = Release;
		};
		A81FF5F324AA3D2A007068F9 /* Build configuration list for PBXNativeTarget "EasyLearnAppUITests" */ = {
			isa = XCConfigurationList;
			buildConfigurations = (
				A81FF5F424AA3D2A007068F9 /* Debug */,
				A81FF5F524AA3D2A007068F9 /* Release */,
			);
			defaultConfigurationIsVisible = 0;
			defaultConfigurationName = Release;
		};
/* End XCConfigurationList section */

/* Begin XCVersionGroup section */
		A81FF5CC24AA3D27007068F9 /* EasyLearnApp.xcdatamodeld */ = {
			isa = XCVersionGroup;
			children = (
				A81FF5CD24AA3D27007068F9 /* EasyLearnApp.xcdatamodel */,
			);
			currentVersion = A81FF5CD24AA3D27007068F9 /* EasyLearnApp.xcdatamodel */;
			path = EasyLearnApp.xcdatamodeld;
			sourceTree = "<group>";
			versionGroupType = wrapper.xcdatamodel;
		};
/* End XCVersionGroup section */
	};
	rootObject = A81FF5B824AA3D27007068F9 /* Project object */;
}
